
Microsoft Visual Studio Solution File, Format Version 12.00
# Visual Studio Version 16
VisualStudioVersion = 16.0.30517.126
MinimumVisualStudioVersion = 10.0.40219.1
Project("{FAE04EC0-301F-11D3-BF4B-00C04F79EFBC}") = "RazorPagesMovie", "RazorPagesMovie.csproj", "{3904F1DF-C7C2-411C-95F4-C0ACC6BBC573}"
EndProject
Global
	GlobalSection(SolutionConfigurationPlatforms) = preSolution
		Debug|Any CPU = Debug|Any CPU
		Release|Any CPU = Release|Any CPU
	EndGlobalSection
	GlobalSection(ProjectConfigurationPlatforms) = postSolution
		{3904F1DF-C7C2-411C-95F4-C0ACC6BBC573}.Debug|Any CPU.ActiveCfg = Debug|Any CPU
		{3904F1DF-C7C2-411C-95F4-C0ACC6BBC573}.Debug|Any CPU.Build.0 = Debug|Any CPU
		{3904F1DF-C7C2-411C-95F4-C0ACC6BBC573}.Release|Any CPU.ActiveCfg = Release|Any CPU
		{3904F1DF-C7C2-411C-95F4-C0ACC6BBC573}.Release|Any CPU.Build.0 = Release|Any CPU
	EndGlobalSection
	GlobalSection(SolutionProperties) = preSolution
		HideSolutionNode = FALSE
	EndGlobalSection
	GlobalSection(ExtensibilityGlobals) = postSolution
		SolutionGuid = {2636F081-4321-4BAB-88A8-EBC66B546006}
	EndGlobalSection
EndGlobal
